
Microsoft Visual Studio Solution File, Format Version 12.00
# Visual Studio Version 16
VisualStudioVersion = 16.0.29613.14
MinimumVisualStudioVersion = 10.0.40219.1
Project("{FAE04EC0-301F-11D3-BF4B-00C04F79EFBC}") = "NGDG2", "NGDG2\NGDG2.csproj", "{34992F83-D659-425B-8272-A31B6821D5FC}"
EndProject
Project("{FAE04EC0-301F-11D3-BF4B-00C04F79EFBC}") = "NFDManager", "NFDManager\NFDManager.csproj", "{FA134C30-2BCE-4B9D-AF71-32910C9073C3}"
EndProject
Global
	GlobalSection(SolutionConfigurationPlatforms) = preSolution
		Debug|Any CPU = Debug|Any CPU
		Release|Any CPU = Release|Any CPU
	EndGlobalSection
	GlobalSection(ProjectConfigurationPlatforms) = postSolution
		{34992F83-D659-425B-8272-A31B6821D5FC}.Debug|Any CPU.ActiveCfg = Debug|Any CPU
		{34992F83-D659-425B-8272-A31B6821D5FC}.Debug|Any CPU.Build.0 = Debug|Any CPU
		{34992F83-D659-425B-8272-A31B6821D5FC}.Release|Any CPU.ActiveCfg = Release|Any CPU
		{34992F83-D659-425B-8272-A31B6821D5FC}.Release|Any CPU.Build.0 = Release|Any CPU
		{FA134C30-2BCE-4B9D-AF71-32910C9073C3}.Debug|Any CPU.ActiveCfg = Debug|Any CPU
		{FA134C30-2BCE-4B9D-AF71-32910C9073C3}.Debug|Any CPU.Build.0 = Debug|Any CPU
		{FA134C30-2BCE-4B9D-AF71-32910C9073C3}.Release|Any CPU.ActiveCfg = Release|Any CPU
		{FA134C30-2BCE-4B9D-AF71-32910C9073C3}.Release|Any CPU.Build.0 = Release|Any CPU
	EndGlobalSection
	GlobalSection(SolutionProperties) = preSolution
		HideSolutionNode = FALSE
	EndGlobalSection
	GlobalSection(ExtensibilityGlobals) = postSolution
		SolutionGuid = {C7FA9B6C-5F6E-4448-9E85-C84FB7DD68FC}
	EndGlobalSection
EndGlobal
